Microsoft Visual Studio Solution File, Format Version 11.00
# Visual Studio 2008

Project("{AE7E2E7E-50F9-E69B-5131-8D9AA5D91A7D}") = "Weight Lose", "Assembly-CSharp.csproj", "{FCB195D9-466B-79EE-90ED-CAC11C79973C}"
EndProject
Project("{AE7E2E7E-50F9-E69B-5131-8D9AA5D91A7D}") = "Weight Lose", "Assembly-CSharp-Editor.csproj", "{1B0778F1-284A-4B13-B087-791DCA25705E}"
EndProject
Global
	GlobalSection(SolutionConfigurationPlatforms) = preSolution
		Debug|Any CPU = Debug|Any CPU
		Release|Any CPU = Release|Any CPU
	EndGlobalSection
	GlobalSection(ProjectConfigurationPlatforms) = postSolution
		{FCB195D9-466B-79EE-90ED-CAC11C79973C}.Debug|Any CPU.ActiveCfg = Debug|Any CPU
		{FCB195D9-466B-79EE-90ED-CAC11C79973C}.Debug|Any CPU.Build.0 = Debug|Any CPU
		{FCB195D9-466B-79EE-90ED-CAC11C79973C}.Release|Any CPU.ActiveCfg = Release|Any CPU
		{FCB195D9-466B-79EE-90ED-CAC11C79973C}.Release|Any CPU.Build.0 = Release|Any CPU
		{1B0778F1-284A-4B13-B087-791DCA25705E}.Debug|Any CPU.ActiveCfg = Debug|Any CPU
		{1B0778F1-284A-4B13-B087-791DCA25705E}.Debug|Any CPU.Build.0 = Debug|Any CPU
		{1B0778F1-284A-4B13-B087-791DCA25705E}.Release|Any CPU.ActiveCfg = Release|Any CPU
		{1B0778F1-284A-4B13-B087-791DCA25705E}.Release|Any CPU.Build.0 = Release|Any CPU
	EndGlobalSection
	GlobalSection(SolutionProperties) = preSolution
		HideSolutionNode = FALSE
	EndGlobalSection
																																																																																																																																																		GlobalSection(MonoDevelopProperties) = preSolution
		StartupItem = Assembly-CSharp.csproj
		Policies = $0
		$0.TextStylePolicy = $1
		$1.inheritsSet = null
		$1.scope = text/x-csharp
		$0.CSharpFormattingPolicy = $2
		$2.inheritsSet = Mono
		$2.inheritsScope = text/x-csharp
		$2.scope = text/x-csharp
		$0.TextStylePolicy = $3
		$3.FileWidth = 120
		$3.TabWidth = 4
		$3.EolMarker = Unix
		$3.inheritsSet = Mono
		$3.inheritsScope = text/plain
		$3.scope = text/plain
	EndGlobalSection

EndGlobal
